repository: https://github.com/coreyhaines31/marketingskills.git
ref: 67264763cb107d61749f418d081c56e5bcbc0209
commit: 67264763cb107d61749f418d081c56e5bcbc0209
repository_version: 2.8.12
manifest_sha256: dbec7d7c123f10e15a19130abe6efe469db8df1bac454b70919ccb92e2286047
updated_at: 2026-07-18T16:38:41.267449Z
